
Microsoft Visual Studio Solution File, Format Version 12.00
# Visual Studio 15
VisualStudioVersion = 15.0.27428.2037
MinimumVisualStudioVersion = 10.0.40219.1
Project("{888888A0-9F3D-457C-B088-3A5042F75D52}") = "MapFileFormat", "MapFileFormat\MapFileFormat.pyproj", "{D0A90266-59CD-4320-BFC4-6B7964C4A463}"
EndProject
Global
	GlobalSection(SolutionConfigurationPlatforms) = preSolution
		Debug|Any CPU = Debug|Any CPU
		Release|Any CPU = Release|Any CPU
	EndGlobalSection
	GlobalSection(ProjectConfigurationPlatforms) = postSolution
		{D0A90266-59CD-4320-BFC4-6B7964C4A463}.Debug|Any CPU.ActiveCfg = Debug|Any CPU
		{D0A90266-59CD-4320-BFC4-6B7964C4A463}.Release|Any CPU.ActiveCfg = Release|Any CPU
	EndGlobalSection
	GlobalSection(SolutionProperties) = preSolution
		HideSolutionNode = FALSE
	EndGlobalSection
	GlobalSection(ExtensibilityGlobals) = postSolution
		SolutionGuid = {22625FAE-B0AF-40FB-87B8-C5E85251CDD8}
	EndGlobalSection
EndGlobal
